Microsoft Visual Studio Solution File, Format Version 11.00
# Visual Studio 2008

Project("{2D14752A-923B-83EE-BDDA-999C6C76F599}") = "uniSearch", "Assembly-CSharp-vs.csproj", "{3F2FF175-2872-B711-7723-3D8718735FAB}"
EndProject
Project("{2D14752A-923B-83EE-BDDA-999C6C76F599}") = "uniSearch", "Assembly-CSharp-Editor-vs.csproj", "{975AAAEF-09DA-9AE8-C59D-7DF5E52F3256}"
EndProject
Global
	GlobalSection(SolutionConfigurationPlatforms) = preSolution
		Debug|Any CPU = Debug|Any CPU
		Release|Any CPU = Release|Any CPU
	EndGlobalSection
	GlobalSection(ProjectConfigurationPlatforms) = postSolution
		{3F2FF175-2872-B711-7723-3D8718735FAB}.Debug|Any CPU.ActiveCfg = Debug|Any CPU
		{3F2FF175-2872-B711-7723-3D8718735FAB}.Debug|Any CPU.Build.0 = Debug|Any CPU
		{3F2FF175-2872-B711-7723-3D8718735FAB}.Release|Any CPU.ActiveCfg = Release|Any CPU
		{3F2FF175-2872-B711-7723-3D8718735FAB}.Release|Any CPU.Build.0 = Release|Any CPU
		{975AAAEF-09DA-9AE8-C59D-7DF5E52F3256}.Debug|Any CPU.ActiveCfg = Debug|Any CPU
		{975AAAEF-09DA-9AE8-C59D-7DF5E52F3256}.Debug|Any CPU.Build.0 = Debug|Any CPU
		{975AAAEF-09DA-9AE8-C59D-7DF5E52F3256}.Release|Any CPU.ActiveCfg = Release|Any CPU
		{975AAAEF-09DA-9AE8-C59D-7DF5E52F3256}.Release|Any CPU.Build.0 = Release|Any CPU
	EndGlobalSection
	GlobalSection(SolutionProperties) = preSolution
		HideSolutionNode = FALSE
	EndGlobalSection
																																																																																																																										GlobalSection(MonoDevelopProperties) = preSolution
		StartupItem = Assembly-CSharp.csproj
		Policies = $0
		$0.TextStylePolicy = $1
		$1.inheritsSet = null
		$1.scope = text/x-csharp
		$0.CSharpFormattingPolicy = $2
		$2.inheritsSet = Mono
		$2.inheritsScope = text/x-csharp
		$2.scope = text/x-csharp
		$0.TextStylePolicy = $3
		$3.FileWidth = 120
		$3.TabWidth = 4
		$3.EolMarker = Unix
		$3.inheritsSet = Mono
		$3.inheritsScope = text/plain
		$3.scope = text/plain
	EndGlobalSection

EndGlobal
